// !$*UTF8*$!
{
	archiveVersion = 1;
	classes = {
	};
	objectVersion = 46;
	objects = {

/* Begin PBXBuildFile section */
		1F4DF0241951270D003830B9 /* AppDelegate.swift in Sources */ = {isa = PBXBuildFile; fileRef = 1F4DF0231951270D003830B9 /* AppDelegate.swift */; };
		1F4DF0261951270D003830B9 /* ViewController.swift in Sources */ = {isa = PBXBuildFile; fileRef = 1F4DF0251951270D003830B9 /* ViewController.swift */; };
		1F4DF0291951270D003830B9 /* Main.storyboard in Resources */ = {isa = PBXBuildFile; fileRef = 1F4DF0271951270D003830B9 /* Main.storyboard */; };
		1F4DF02B1951270D003830B9 /* Images.xcassets in Resources */ = {isa = PBXBuildFile; fileRef = 1F4DF02A1951270D003830B9 /* Images.xcassets */; };
		1F4DF0371951270D003830B9 /* LoadMoreTableFooterView_for_swiftTests.swift in Sources */ = {isa = PBXBuildFile; fileRef = 1F4DF0361951270D003830B9 /* LoadMoreTableFooterView_for_swiftTests.swift */; };
		1F4DF042195127C9003830B9 /* LoadMoreTableFooterView.swift in Sources */ = {isa = PBXBuildFile; fileRef = 1F4DF041195127C9003830B9 /* LoadMoreTableFooterView.swift */; };
/* End PBXBuildFile section */

/* Begin PBXContainerItemProxy section */
		1F4DF0311951270D003830B9 /* PBXContainerItemProxy */ = {
			isa = PBXContainerItemProxy;
			containerPortal = 1F4DF0161951270D003830B9 /* Project object */;
			proxyType = 1;
			remoteGlobalIDString = 1F4DF01D1951270D003830B9;
			remoteInfo = "LoadMoreTableFooterView-for-swift";
		};
/* End PBXContainerItemProxy section */

/* Begin PBXFileReference section */
		1F4DF01E1951270D003830B9 /* LoadMoreTableFooterView-for-swift.app */ = {isa = PBXFileReference; explicitFileType = wrapper.application; includeInIndex = 0; path = "LoadMoreTableFooterView-for-swift.app"; sourceTree = BUILT_PRODUCTS_DIR; };
		1F4DF0221951270D003830B9 /* Info.plist */ = {isa = PBXFileReference; lastKnownFileType = text.plist.xml; path = Info.plist; sourceTree = "<group>"; };
		1F4DF0231951270D003830B9 /* AppDelegate.swift */ = {isa = PBXFileReference; lastKnownFileType = sourcecode.swift; path = AppDelegate.swift; sourceTree = "<group>"; };
		1F4DF0251951270D003830B9 /* ViewController.swift */ = {isa = PBXFileReference; lastKnownFileType = sourcecode.swift; path = ViewController.swift; sourceTree = "<group>"; };
		1F4DF0281951270D003830B9 /* Base */ = {isa = PBXFileReference; lastKnownFileType = file.storyboard; name = Base; path = Base.lproj/Main.storyboard; sourceTree = "<group>"; };
		1F4DF02A1951270D003830B9 /* Images.xcassets */ = {isa = PBXFileReference; lastKnownFileType = folder.assetcatalog; path = Images.xcassets; sourceTree = "<group>"; };
		1F4DF0301951270D003830B9 /* LoadMoreTableFooterView-for-swiftTests.xctest */ = {isa = PBXFileReference; explicitFileType = wrapper.cfbundle; includeInIndex = 0; path = "LoadMoreTableFooterView-for-swiftTests.xctest"; sourceTree = BUILT_PRODUCTS_DIR; };
		1F4DF0351951270D003830B9 /* Info.plist */ = {isa = PBXFileReference; lastKnownFileType = text.plist.xml; path = Info.plist; sourceTree = "<group>"; };
		1F4DF0361951270D003830B9 /* LoadMoreTableFooterView_for_swiftTests.swift */ = {isa = PBXFileReference; lastKnownFileType = sourcecode.swift; path = LoadMoreTableFooterView_for_swiftTests.swift; sourceTree = "<group>"; };
		1F4DF041195127C9003830B9 /* LoadMoreTableFooterView.swift */ = {isa = PBXFileReference; fileEncoding = 4; lastKnownFileType = sourcecode.swift; path = LoadMoreTableFooterView.swift; sourceTree = "<group>"; };
/* End PBXFileReference section */

/* Begin PBXFrameworksBuildPhase section */
		1F4DF01B1951270D003830B9 /* Frameworks */ = {
			isa = PBXFrameworksBuildPhase;
			buildActionMask = 2147483647;
			files = (
			);
			runOnlyForDeploymentPostprocessing = 0;
		};
		1F4DF02D1951270D003830B9 /* Frameworks */ = {
			isa = PBXFrameworksBuildPhase;
			buildActionMask = 2147483647;
			files = (
			);
			runOnlyForDeploymentPostprocessing = 0;
		};
/* End PBXFrameworksBuildPhase section */

/* Begin PBXGroup section */
		1F4DF0151951270D003830B9 = {
			isa = PBXGroup;
			children = (
				1F4DF0201951270D003830B9 /* LoadMoreTableFooterView-for-swift */,
				1F4DF0331951270D003830B9 /* LoadMoreTableFooterView-for-swiftTests */,
				1F4DF01F1951270D003830B9 /* Products */,
			);
			sourceTree = "<group>";
		};
		1F4DF01F1951270D003830B9 /* Products */ = {
			isa = PBXGroup;
			children = (
				1F4DF01E1951270D003830B9 /* LoadMoreTableFooterView-for-swift.app */,
				1F4DF0301951270D003830B9 /* LoadMoreTableFooterView-for-swiftTests.xctest */,
			);
			name = Products;
			sourceTree = "<group>";
		};
		1F4DF0201951270D003830B9 /* LoadMoreTableFooterView-for-swift */ = {
			isa = PBXGroup;
			children = (
				1F4DF040195127C9003830B9 /* LoadMoreTableFooterView */,
				1F4DF0231951270D003830B9 /* AppDelegate.swift */,
				1F4DF0251951270D003830B9 /* ViewController.swift */,
				1F4DF0271951270D003830B9 /* Main.storyboard */,
				1F4DF02A1951270D003830B9 /* Images.xcassets */,
				1F4DF0211951270D003830B9 /* Supporting Files */,
			);
			path = "LoadMoreTableFooterView-for-swift";
			sourceTree = "<group>";
		};
		1F4DF0211951270D003830B9 /* Supporting Files */ = {
			isa = PBXGroup;
			children = (
				1F4DF0221951270D003830B9 /* Info.plist */,
			);
			name = "Supporting Files";
			sourceTree = "<group>";
		};
		1F4DF0331951270D003830B9 /* LoadMoreTableFooterView-for-swiftTests */ = {
			isa = PBXGroup;
			children = (
				1F4DF0361951270D003830B9 /* LoadMoreTableFooterView_for_swiftTests.swift */,
				1F4DF0341951270D003830B9 /* Supporting Files */,
			);
			path = "LoadMoreTableFooterView-for-swiftTests";
			sourceTree = "<group>";
		};
		1F4DF0341951270D003830B9 /* Supporting Files */ = {
			isa = PBXGroup;
			children = (
				1F4DF0351951270D003830B9 /* Info.plist */,
			);
			name = "Supporting Files";
			sourceTree = "<group>";
		};
		1F4DF040195127C9003830B9 /* LoadMoreTableFooterView */ = {
			isa = PBXGroup;
			children = (
				1F4DF041195127C9003830B9 /* LoadMoreTableFooterView.swift */,
			);
			path = LoadMoreTableFooterView;
			sourceTree = "<group>";
		};
/* End PBXGroup section */

/* Begin PBXNativeTarget section */
		1F4DF01D1951270D003830B9 /* LoadMoreTableFooterView-for-swift */ = {
			isa = PBXNativeTarget;
			buildConfigurationList = 1F4DF03A1951270D003830B9 /* Build configuration list for PBXNativeTarget "LoadMoreTableFooterView-for-swift" */;
			buildPhases = (
				1F4DF01A1951270D003830B9 /* Sources */,
				1F4DF01B1951270D003830B9 /* Frameworks */,
				1F4DF01C1951270D003830B9 /* Resources */,
			);
			buildRules = (
			);
			dependencies = (
			);
			name = "LoadMoreTableFooterView-for-swift";
			productName = "LoadMoreTableFooterView-for-swift";
			productReference = 1F4DF01E1951270D003830B9 /* LoadMoreTableFooterView-for-swift.app */;
			productType = "com.apple.product-type.application";
		};
		1F4DF02F1951270D003830B9 /* LoadMoreTableFooterView-for-swiftTests */ = {
			isa = PBXNativeTarget;
			buildConfigurationList = 1F4DF03D1951270D003830B9 /* Build configuration list for PBXNativeTarget "LoadMoreTableFooterView-for-swiftTests" */;
			buildPhases = (
				1F4DF02C1951270D003830B9 /* Sources */,
				1F4DF02D1951270D003830B9 /* Frameworks */,
				1F4DF02E1951270D003830B9 /* Resources */,
			);
			buildRules = (
			);
			dependencies = (
				1F4DF0321951270D003830B9 /* PBXTargetDependency */,
			);
			name = "LoadMoreTableFooterView-for-swiftTests";
			productName = "LoadMoreTableFooterView-for-swiftTests";
			productReference = 1F4DF0301951270D003830B9 /* LoadMoreTableFooterView-for-swiftTests.xctest */;
			productType = "com.apple.product-type.bundle.unit-test";
		};
/* End PBXNativeTarget section */

/* Begin PBXProject section */
		1F4DF0161951270D003830B9 /* Project object */ = {
			isa = PBXProject;
			attributes = {
				LastUpgradeCheck = 0600;
				ORGANIZATIONNAME = zhang;
				TargetAttributes = {
					1F4DF01D1951270D003830B9 = {
						CreatedOnToolsVersion = 6.0;
					};
					1F4DF02F1951270D003830B9 = {
						CreatedOnToolsVersion = 6.0;
						TestTargetID = 1F4DF01D1951270D003830B9;
					};
				};
			};
			buildConfigurationList = 1F4DF0191951270D003830B9 /* Build configuration list for PBXProject "LoadMoreTableFooterView-for-swift" */;
			compatibilityVersion = "Xcode 3.2";
			developmentRegion = English;
			hasScannedForEncodings = 0;
			knownRegions = (
				en,
				Base,
			);
			mainGroup = 1F4DF0151951270D003830B9;
			productRefGroup = 1F4DF01F1951270D003830B9 /* Products */;
			projectDirPath = "";
			projectRoot = "";
			targets = (
				1F4DF01D1951270D003830B9 /* LoadMoreTableFooterView-for-swift */,
				1F4DF02F1951270D003830B9 /* LoadMoreTableFooterView-for-swiftTests */,
			);
		};
/* End PBXProject section */

/* Begin PBXResourcesBuildPhase section */
		1F4DF01C1951270D003830B9 /* Resources */ = {
			isa = PBXResourcesBuildPhase;
			buildActionMask = 2147483647;
			files = (
				1F4DF0291951270D003830B9 /* Main.storyboard in Resources */,
				1F4DF02B1951270D003830B9 /* Images.xcassets in Resources */,
			);
			runOnlyForDeploymentPostprocessing = 0;
		};
		1F4DF02E1951270D003830B9 /* Resources */ = {
			isa = PBXResourcesBuildPhase;
			buildActionMask = 2147483647;
			files = (
			);
			runOnlyForDeploymentPostprocessing = 0;
		};
/* End PBXResourcesBuildPhase section */

/* Begin PBXSourcesBuildPhase section */
		1F4DF01A1951270D003830B9 /* Sources */ = {
			isa = PBXSourcesBuildPhase;
			buildActionMask = 2147483647;
			files = (
				1F4DF0261951270D003830B9 /* ViewController.swift in Sources */,
				1F4DF042195127C9003830B9 /* LoadMoreTableFooterView.swift in Sources */,
				1F4DF0241951270D003830B9 /* AppDelegate.swift in Sources */,
			);
			runOnlyForDeploymentPostprocessing = 0;
		};
		1F4DF02C1951270D003830B9 /* Sources */ = {
			isa = PBXSourcesBuildPhase;
			buildActionMask = 2147483647;
			files = (
				1F4DF0371951270D003830B9 /* LoadMoreTableFooterView_for_swiftTests.swift in Sources */,
			);
			runOnlyForDeploymentPostprocessing = 0;
		};
/* End PBXSourcesBuildPhase section */

/* Begin PBXTargetDependency section */
		1F4DF0321951270D003830B9 /* PBXTargetDependency */ = {
			isa = PBXTargetDependency;
			target = 1F4DF01D1951270D003830B9 /* LoadMoreTableFooterView-for-swift */;
			targetProxy = 1F4DF0311951270D003830B9 /* PBXContainerItemProxy */;
		};
/* End PBXTargetDependency section */

/* Begin PBXVariantGroup section */
		1F4DF0271951270D003830B9 /* Main.storyboard */ = {
			isa = PBXVariantGroup;
			children = (
				1F4DF0281951270D003830B9 /* Base */,
			);
			name = Main.storyboard;
			sourceTree = "<group>";
		};
/* End PBXVariantGroup section */

/* Begin XCBuildConfiguration section */
		1F4DF0381951270D003830B9 /* Debug */ = {
			isa = XCBuildConfiguration;
			buildSettings = {
				ALWAYS_SEARCH_USER_PATHS = NO;
				CLANG_CXX_LANGUAGE_STANDARD = "gnu++0x";
				CLANG_CXX_LIBRARY = "libc++";
				CLANG_ENABLE_MODULES = YES;
				CLANG_ENABLE_OBJC_ARC = YES;
				CLANG_WARN_BOOL_CONVERSION = YES;
				CLANG_WARN_CONSTANT_CONVERSION = YES;
				CLANG_WARN_DIRECT_OBJC_ISA_USAGE = YES_ERROR;
				CLANG_WARN_EMPTY_BODY = YES;
				CLANG_WARN_ENUM_CONVERSION = YES;
				CLANG_WARN_INT_CONVERSION = YES;
				CLANG_WARN_OBJC_ROOT_CLASS = YES_ERROR;
				CLANG_WARN_UNREACHABLE_CODE = YES;
				CLANG_WARN__DUPLICATE_METHOD_MATCH = YES;
				"CODE_SIGN_IDENTITY[sdk=iphoneos*]" = "iPhone Developer";
				COPY_PHASE_STRIP = NO;
				ENABLE_STRICT_OBJC_MSGSEND = YES;
				GCC_C_LANGUAGE_STANDARD = gnu99;
				GCC_DYNAMIC_NO_PIC = NO;
				GCC_OPTIMIZATION_LEVEL = 0;
				GCC_PREPROCESSOR_DEFINITIONS = (
					"DEBUG=1",
					"$(inherited)",
				);
				GCC_SYMBOLS_PRIVATE_EXTERN = NO;
				GCC_WARN_64_TO_32_BIT_CONVERSION = YES;
				GCC_WARN_ABOUT_RETURN_TYPE = YES_ERROR;
				GCC_WARN_UNDECLARED_SELECTOR = YES;
				GCC_WARN_UNINITIALIZED_AUTOS = YES_AGGRESSIVE;
				GCC_WARN_UNUSED_FUNCTION = YES;
				GCC_WARN_UNUSED_VARIABLE = YES;
				IPHONEOS_DEPLOYMENT_TARGET = 8.0;
				METAL_ENABLE_DEBUG_INFO = YES;
				ONLY_ACTIVE_ARCH = YES;
				SDKROOT = iphoneos;
				SWIFT_OPTIMIZATION_LEVEL = "-Onone";
			};
			name = Debug;
		};
		1F4DF0391951270D003830B9 /* Release */ = {
			isa = XCBuildConfiguration;
			buildSettings = {
				ALWAYS_SEARCH_USER_PATHS = NO;
				CLANG_CXX_LANGUAGE_STANDARD = "gnu++0x";
				CLANG_CXX_LIBRARY = "libc++";
				CLANG_ENABLE_MODULES = YES;
				CLANG_ENABLE_OBJC_ARC = YES;
				CLANG_WARN_BOOL_CONVERSION = YES;
				CLANG_WARN_CONSTANT_CONVERSION = YES;
				CLANG_WARN_DIRECT_OBJC_ISA_USAGE = YES_ERROR;
				CLANG_WARN_EMPTY_BODY = YES;
				CLANG_WARN_ENUM_CONVERSION = YES;
				CLANG_WARN_INT_CONVERSION = YES;
				CLANG_WARN_OBJC_ROOT_CLASS = YES_ERROR;
				CLANG_WARN_UNREACHABLE_CODE = YES;
				CLANG_WARN__DUPLICATE_METHOD_MATCH = YES;
				"CODE_SIGN_IDENTITY[sdk=iphoneos*]" = "iPhone Developer";
				COPY_PHASE_STRIP = YES;
				ENABLE_NS_ASSERTIONS = NO;
				ENABLE_STRICT_OBJC_MSGSEND = YES;
				GCC_C_LANGUAGE_STANDARD = gnu99;
				GCC_WARN_64_TO_32_BIT_CONVERSION = YES;
				GCC_WARN_ABOUT_RETURN_TYPE = YES_ERROR;
				GCC_WARN_UNDECLARED_SELECTOR = YES;
				GCC_WARN_UNINITIALIZED_AUTOS = YES_AGGRESSIVE;
				GCC_WARN_UNUSED_FUNCTION = YES;
				GCC_WARN_UNUSED_VARIABLE = YES;
				IPHONEOS_DEPLOYMENT_TARGET = 8.0;
				METAL_ENABLE_DEBUG_INFO = NO;
				SDKROOT = iphoneos;
				VALIDATE_PRODUCT = YES;
			};
			name = Release;
		};
		1F4DF03B1951270D003830B9 /* Debug */ = {
			isa = XCBuildConfiguration;
			buildSettings = {
				ASSETCATALOG_COMPILER_APPICON_NAME = AppIcon;
				ASSETCATALOG_COMPILER_LAUNCHIMAGE_NAME = LaunchImage;
				INFOPLIST_FILE = "LoadMoreTableFooterView-for-swift/Info.plist";
				LD_RUNPATH_SEARCH_PATHS = "$(inherited) @executable_path/Frameworks";
				PRODUCT_NAME = "$(TARGET_NAME)";
			};
			name = Debug;
		};
		1F4DF03C1951270D003830B9 /* Release */ = {
			isa = XCBuildConfiguration;
			buildSettings = {
				ASSETCATALOG_COMPILER_APPICON_NAME = AppIcon;
				ASSETCATALOG_COMPILER_LAUNCHIMAGE_NAME = LaunchImage;
				INFOPLIST_FILE = "LoadMoreTableFooterView-for-swift/Info.plist";
				LD_RUNPATH_SEARCH_PATHS = "$(inherited) @executable_path/Frameworks";
				PRODUCT_NAME = "$(TARGET_NAME)";
			};
			name = Release;
		};
		1F4DF03E1951270D003830B9 /* Debug */ = {
			isa = XCBuildConfiguration;
			buildSettings = {
				BUNDLE_LOADER = "$(BUILT_PRODUCTS_DIR)/LoadMoreTableFooterView-for-swift.app/LoadMoreTableFooterView-for-swift";
				FRAMEWORK_SEARCH_PATHS = (
					"$(SDKROOT)/Developer/Library/Frameworks",
					"$(inherited)",
				);
				GCC_PREPROCESSOR_DEFINITIONS = (
					"DEBUG=1",
					"$(inherited)",
				);
				INFOPLIST_FILE = "LoadMoreTableFooterView-for-swiftTests/Info.plist";
				LD_RUNPATH_SEARCH_PATHS = "$(inherited) @executable_path/Frameworks @loader_path/Frameworks";
				METAL_ENABLE_DEBUG_INFO = YES;
				PRODUCT_NAME = "$(TARGET_NAME)";
				TEST_HOST = "$(BUNDLE_LOADER)";
			};
			name = Debug;
		};
		1F4DF03F1951270D003830B9 /* Release */ = {
			isa = XCBuildConfiguration;
			buildSettings = {
				BUNDLE_LOADER = "$(BUILT_PRODUCTS_DIR)/LoadMoreTableFooterView-for-swift.app/LoadMoreTableFooterView-for-swift";
				FRAMEWORK_SEARCH_PATHS = (
					"$(SDKROOT)/Developer/Library/Frameworks",
					"$(inherited)",
				);
				INFOPLIST_FILE = "LoadMoreTableFooterView-for-swiftTests/Info.plist";
				LD_RUNPATH_SEARCH_PATHS = "$(inherited) @executable_path/Frameworks @loader_path/Frameworks";
				METAL_ENABLE_DEBUG_INFO = NO;
				PRODUCT_NAME = "$(TARGET_NAME)";
				TEST_HOST = "$(BUNDLE_LOADER)";
			};
			name = Release;
		};
/* End XCBuildConfiguration section */

/* Begin XCConfigurationList section */
		1F4DF0191951270D003830B9 /* Build configuration list for PBXProject "LoadMoreTableFooterView-for-swift" */ = {
			isa = XCConfigurationList;
			buildConfigurations = (
				1F4DF0381951270D003830B9 /* Debug */,
				1F4DF0391951270D003830B9 /* Release */,
			);
			defaultConfigurationIsVisible = 0;
			defaultConfigurationName = Release;
		};
		1F4DF03A1951270D003830B9 /* Build configuration list for PBXNativeTarget "LoadMoreTableFooterView-for-swift" */ = {
			isa = XCConfigurationList;
			buildConfigurations = (
				1F4DF03B1951270D003830B9 /* Debug */,
				1F4DF03C1951270D003830B9 /* Release */,
			);
			defaultConfigurationIsVisible = 0;
		};
		1F4DF03D1951270D003830B9 /* Build configuration list for PBXNativeTarget "LoadMoreTableFooterView-for-swiftTests" */ = {
			isa = XCConfigurationList;
			buildConfigurations = (
				1F4DF03E1951270D003830B9 /* Debug */,
				1F4DF03F1951270D003830B9 /* Release */,
			);
			defaultConfigurationIsVisible = 0;
		};
/* End XCConfigurationList section */
	};
	rootObject = 1F4DF0161951270D003830B9 /* Project object */;
}
